
Microsoft Visual Studio Solution File, Format Version 12.00
# Visual Studio 15
VisualStudioVersion = 15.0.28010.2050
MinimumVisualStudioVersion = 10.0.40219.1
Project("{FAE04EC0-301F-11D3-BF4B-00C04F79EFBC}") = "DAL", "DAL\DAL.csproj", "{9E90E659-6021-45E5-8BE7-25BC8683204D}"
EndProject
Project("{FAE04EC0-301F-11D3-BF4B-00C04F79EFBC}") = "BLL", "BLL\BLL.csproj", "{89F1110B-F4F3-4442-9872-87F377ED5921}"
EndProject
Project("{FAE04EC0-301F-11D3-BF4B-00C04F79EFBC}") = "professorMarketWebUI", "professorMarketWebUI\professorMarketWebUI.csproj", "{7AC821C3-D4FB-4E85-A6CC-AE8EE23F613B}"
EndProject
Global
	GlobalSection(SolutionConfigurationPlatforms) = preSolution
		Debug|Any CPU = Debug|Any CPU
		Release|Any CPU = Release|Any CPU
	EndGlobalSection
	GlobalSection(ProjectConfigurationPlatforms) = postSolution
		{9E90E659-6021-45E5-8BE7-25BC8683204D}.Debug|Any CPU.ActiveCfg = Debug|Any CPU
		{9E90E659-6021-45E5-8BE7-25BC8683204D}.Debug|Any CPU.Build.0 = Debug|Any CPU
		{9E90E659-6021-45E5-8BE7-25BC8683204D}.Release|Any CPU.ActiveCfg = Release|Any CPU
		{9E90E659-6021-45E5-8BE7-25BC8683204D}.Release|Any CPU.Build.0 = Release|Any CPU
		{89F1110B-F4F3-4442-9872-87F377ED5921}.Debug|Any CPU.ActiveCfg = Debug|Any CPU
		{89F1110B-F4F3-4442-9872-87F377ED5921}.Debug|Any CPU.Build.0 = Debug|Any CPU
		{89F1110B-F4F3-4442-9872-87F377ED5921}.Release|Any CPU.ActiveCfg = Release|Any CPU
		{89F1110B-F4F3-4442-9872-87F377ED5921}.Release|Any CPU.Build.0 = Release|Any CPU
		{7AC821C3-D4FB-4E85-A6CC-AE8EE23F613B}.Debug|Any CPU.ActiveCfg = Debug|Any CPU
		{7AC821C3-D4FB-4E85-A6CC-AE8EE23F613B}.Debug|Any CPU.Build.0 = Debug|Any CPU
		{7AC821C3-D4FB-4E85-A6CC-AE8EE23F613B}.Release|Any CPU.ActiveCfg = Release|Any CPU
		{7AC821C3-D4FB-4E85-A6CC-AE8EE23F613B}.Release|Any CPU.Build.0 = Release|Any CPU
	EndGlobalSection
	GlobalSection(SolutionProperties) = preSolution
		HideSolutionNode = FALSE
	EndGlobalSection
	GlobalSection(ExtensibilityGlobals) = postSolution
		SolutionGuid = {517F8621-827E-43B5-8313-641CE6009E6C}
	EndGlobalSection
EndGlobal
